
Microsoft Visual Studio Solution File, Format Version 12.00
# Visual Studio Version 16
VisualStudioVersion = 16.0.33130.400
MinimumVisualStudioVersion = 10.0.40219.1
Project("{FAE04EC0-301F-11D3-BF4B-00C04F79EFBC}") = "NivelJunior", "NivelJunior.csproj", "{8F55D32B-6E68-4FEC-BEB0-AE8D0E4A4B3C}"
EndProject
Global
	GlobalSection(SolutionConfigurationPlatforms) = preSolution
		Debug|Any CPU = Debug|Any CPU
		Release|Any CPU = Release|Any CPU
	EndGlobalSection
	GlobalSection(ProjectConfigurationPlatforms) = postSolution
		{8F55D32B-6E68-4FEC-BEB0-AE8D0E4A4B3C}.Debug|Any CPU.ActiveCfg = Debug|Any CPU
		{8F55D32B-6E68-4FEC-BEB0-AE8D0E4A4B3C}.Debug|Any CPU.Build.0 = Debug|Any CPU
		{8F55D32B-6E68-4FEC-BEB0-AE8D0E4A4B3C}.Release|Any CPU.ActiveCfg = Release|Any CPU
		{8F55D32B-6E68-4FEC-BEB0-AE8D0E4A4B3C}.Release|Any CPU.Build.0 = Release|Any CPU
	EndGlobalSection
	GlobalSection(SolutionProperties) = preSolution
		HideSolutionNode = FALSE
	EndGlobalSection
	GlobalSection(ExtensibilityGlobals) = postSolution
		SolutionGuid = {B3C630B0-1698-4F3E-9A5E-15095D513A13}
	EndGlobalSection
EndGlobal
